
Microsoft Visual Studio Solution File, Format Version 12.00
# Visual Studio Version 16
VisualStudioVersion = 16.0.32126.315
MinimumVisualStudioVersion = 10.0.40219.1
Project("{FAE04EC0-301F-11D3-BF4B-00C04F79EFBC}") = "MvcAulaDesktop", "MvcAulaDesktop\MvcAulaDesktop.csproj", "{4A26544E-A2E6-4E56-97A4-14249D465655}"
EndProject
Global
	GlobalSection(SolutionConfigurationPlatforms) = preSolution
		Debug|Any CPU = Debug|Any CPU
		Release|Any CPU = Release|Any CPU
	EndGlobalSection
	GlobalSection(ProjectConfigurationPlatforms) = postSolution
		{4A26544E-A2E6-4E56-97A4-14249D465655}.Debug|Any CPU.ActiveCfg = Debug|Any CPU
		{4A26544E-A2E6-4E56-97A4-14249D465655}.Debug|Any CPU.Build.0 = Debug|Any CPU
		{4A26544E-A2E6-4E56-97A4-14249D465655}.Release|Any CPU.ActiveCfg = Release|Any CPU
		{4A26544E-A2E6-4E56-97A4-14249D465655}.Release|Any CPU.Build.0 = Release|Any CPU
	EndGlobalSection
	GlobalSection(SolutionProperties) = preSolution
		HideSolutionNode = FALSE
	EndGlobalSection
	GlobalSection(ExtensibilityGlobals) = postSolution
		SolutionGuid = {50E18184-6D00-4312-94C5-0793C257161E}
	EndGlobalSection
EndGlobal
